
Microsoft Visual Studio Solution File, Format Version 12.00
# Visual Studio Version 17
VisualStudioVersion = 17.5.33414.496
MinimumVisualStudioVersion = 10.0.40219.1
Project("{FAE04EC0-301F-11D3-BF4B-00C04F79EFBC}") = "DBFirst", "DBFirst\DBFirst.csproj", "{DF484591-6650-40CB-9639-CBE25D63195C}"
EndProject
Global
	GlobalSection(SolutionConfigurationPlatforms) = preSolution
		Debug|Any CPU = Debug|Any CPU
		Release|Any CPU = Release|Any CPU
	EndGlobalSection
	GlobalSection(ProjectConfigurationPlatforms) = postSolution
		{DF484591-6650-40CB-9639-CBE25D63195C}.Debug|Any CPU.ActiveCfg = Debug|Any CPU
		{DF484591-6650-40CB-9639-CBE25D63195C}.Debug|Any CPU.Build.0 = Debug|Any CPU
		{DF484591-6650-40CB-9639-CBE25D63195C}.Release|Any CPU.ActiveCfg = Release|Any CPU
		{DF484591-6650-40CB-9639-CBE25D63195C}.Release|Any CPU.Build.0 = Release|Any CPU
	EndGlobalSection
	GlobalSection(SolutionProperties) = preSolution
		HideSolutionNode = FALSE
	EndGlobalSection
	GlobalSection(ExtensibilityGlobals) = postSolution
		SolutionGuid = {D1AB2597-4BC3-41F7-BEFE-18AC5DB8B761}
	EndGlobalSection
EndGlobal
